
Microsoft Visual Studio Solution File, Format Version 12.00
# Visual Studio 2013
VisualStudioVersion = 12.0.40629.0
MinimumVisualStudioVersion = 10.0.40219.1
Project("{FAE04EC0-301F-11D3-BF4B-00C04F79EFBC}") = "AppLogging", "ApplicationLogging\AppLogging.csproj", "{2840D2E0-B480-421B-8951-45078EEAACCF}"
EndProject
Project("{FAE04EC0-301F-11D3-BF4B-00C04F79EFBC}") = "LogClassTester", "LogClassTester\LogClassTester.csproj", "{C80253DD-31F6-4B10-B904-798C168A9F83}"
EndProject
Global
	GlobalSection(SolutionConfigurationPlatforms) = preSolution
		Debug|Any CPU = Debug|Any CPU
		Release|Any CPU = Release|Any CPU
	EndGlobalSection
	GlobalSection(ProjectConfigurationPlatforms) = postSolution
		{2840D2E0-B480-421B-8951-45078EEAACCF}.Debug|Any CPU.ActiveCfg = Debug|Any CPU
		{2840D2E0-B480-421B-8951-45078EEAACCF}.Debug|Any CPU.Build.0 = Debug|Any CPU
		{2840D2E0-B480-421B-8951-45078EEAACCF}.Release|Any CPU.ActiveCfg = Release|Any CPU
		{2840D2E0-B480-421B-8951-45078EEAACCF}.Release|Any CPU.Build.0 = Release|Any CPU
		{C80253DD-31F6-4B10-B904-798C168A9F83}.Debug|Any CPU.ActiveCfg = Debug|Any CPU
		{C80253DD-31F6-4B10-B904-798C168A9F83}.Debug|Any CPU.Build.0 = Debug|Any CPU
		{C80253DD-31F6-4B10-B904-798C168A9F83}.Release|Any CPU.ActiveCfg = Release|Any CPU
		{C80253DD-31F6-4B10-B904-798C168A9F83}.Release|Any CPU.Build.0 = Release|Any CPU
	EndGlobalSection
	GlobalSection(SolutionProperties) = preSolution
		HideSolutionNode = FALSE
	EndGlobalSection
EndGlobal
